// !$*UTF8*$!
{
	archiveVersion = 1;
	classes = {
	};
	objectVersion = 50;
	objects = {

/* Begin PBXBuildFile section */
		66A85DAC21773D1900B65C59 /* package_handling.cc in Sources */ = {isa = PBXBuildFile; fileRef = 66A85DA921773D1900B65C59 /* package_handling.cc */; };
		66A85DAD21773D1900B65C59 /* main.cc in Sources */ = {isa = PBXBuildFile; fileRef = 66A85DAA21773D1900B65C59 /* main.cc */; };
		66A85DAE21773D1900B65C59 /* navigation.cc in Sources */ = {isa = PBXBuildFile; fileRef = 66A85DAB21773D1900B65C59 /* navigation.cc */; };
/* End PBXBuildFile section */

/* Begin PBXCopyFilesBuildPhase section */
		66A85D9D21773CF600B65C59 /* CopyFiles */ = {
			isa = PBXCopyFilesBuildPhase;
			buildActionMask = 2147483647;
			dstPath = /usr/share/man/man1/;
			dstSubfolderSpec = 0;
			files = (
			);
			runOnlyForDeploymentPostprocessing = 1;
		};
/* End PBXCopyFilesBuildPhase section */

/* Begin PBXFileReference section */
		66A85D9F21773CF600B65C59 /* Robot */ = {isa = PBXFileReference; explicitFileType = "compiled.mach-o.executable"; includeInIndex = 0; path = Robot; sourceTree = BUILT_PRODUCTS_DIR; };
		66A85DA921773D1900B65C59 /* package_handling.cc */ = {isa = PBXFileReference; fileEncoding = 4; lastKnownFileType = sourcecode.cpp.cpp; name = package_handling.cc; path = ../../package_handling.cc; sourceTree = "<group>"; };
		66A85DAA21773D1900B65C59 /* main.cc */ = {isa = PBXFileReference; fileEncoding = 4; lastKnownFileType = sourcecode.cpp.cpp; name = main.cc; path = ../../main.cc; sourceTree = "<group>"; };
		66A85DAB21773D1900B65C59 /* navigation.cc */ = {isa = PBXFileReference; fileEncoding = 4; lastKnownFileType = sourcecode.cpp.cpp; name = navigation.cc; path = ../../navigation.cc; sourceTree = "<group>"; };
		66A85DAF21773D2100B65C59 /* robot.h */ = {isa = PBXFileReference; fileEncoding = 4; lastKnownFileType = sourcecode.c.h; name = robot.h; path = ../../robot.h; sourceTree = "<group>"; };
		66A85DB021773D3500B65C59 /* stopwatch.h */ = {isa = PBXFileReference; fileEncoding = 4; lastKnownFileType = sourcecode.c.h; path = stopwatch.h; sourceTree = "<group>"; };
		66A85DB121773D3500B65C59 /* robot_link.h */ = {isa = PBXFileReference; fileEncoding = 4; lastKnownFileType = sourcecode.c.h; path = robot_link.h; sourceTree = "<group>"; };
		66A85DB221773D3500B65C59 /* robot_delay.h */ = {isa = PBXFileReference; fileEncoding = 4; lastKnownFileType = sourcecode.c.h; path = robot_delay.h; sourceTree = "<group>"; };
		66D4D1EC21774A0E000662DB /* robot_inst.h */ = {isa = PBXFileReference; lastKnownFileType = sourcecode.c.h; path = robot_inst.h; sourceTree = "<group>"; };
/* End PBXFileReference section */

/* Begin PBXFrameworksBuildPhase section */
		66A85D9C21773CF600B65C59 /* Frameworks */ = {
			isa = PBXFrameworksBuildPhase;
			buildActionMask = 2147483647;
			files = (
			);
			runOnlyForDeploymentPostprocessing = 0;
		};
/* End PBXFrameworksBuildPhase section */

/* Begin PBXGroup section */
		66A85D9621773CF600B65C59 = {
			isa = PBXGroup;
			children = (
				66A85DA121773CF600B65C59 /* Robot */,
				66A85DA021773CF600B65C59 /* Products */,
			);
			sourceTree = "<group>";
		};
		66A85DA021773CF600B65C59 /* Products */ = {
			isa = PBXGroup;
			children = (
				66A85D9F21773CF600B65C59 /* Robot */,
			);
			name = Products;
			sourceTree = "<group>";
		};
		66A85DA121773CF600B65C59 /* Robot */ = {
			isa = PBXGroup;
			children = (
				66A85DB321773D3900B65C59 /* Header files */,
				66A85DAF21773D2100B65C59 /* robot.h */,
				66A85DAA21773D1900B65C59 /* main.cc */,
				66A85DAB21773D1900B65C59 /* navigation.cc */,
				66A85DA921773D1900B65C59 /* package_handling.cc */,
			);
			path = Robot;
			sourceTree = "<group>";
		};
		66A85DB321773D3900B65C59 /* Header files */ = {
			isa = PBXGroup;
			children = (
				66A85DB221773D3500B65C59 /* robot_delay.h */,
				66D4D1EC21774A0E000662DB /* robot_inst.h */,
				66A85DB021773D3500B65C59 /* stopwatch.h */,
				66A85DB121773D3500B65C59 /* robot_link.h */,
			);
			path = "Header files";
			sourceTree = "<group>";
		};
/* End PBXGroup section */

/* Begin PBXNativeTarget section */
		66A85D9E21773CF600B65C59 /* Robot */ = {
			isa = PBXNativeTarget;
			buildConfigurationList = 66A85DA621773CF600B65C59 /* Build configuration list for PBXNativeTarget "Robot" */;
			buildPhases = (
				66A85D9B21773CF600B65C59 /* Sources */,
				66A85D9C21773CF600B65C59 /* Frameworks */,
				66A85D9D21773CF600B65C59 /* CopyFiles */,
			);
			buildRules = (
			);
			dependencies = (
			);
			name = Robot;
			productName = Robot;
			productReference = 66A85D9F21773CF600B65C59 /* Robot */;
			productType = "com.apple.product-type.tool";
		};
/* End PBXNativeTarget section */

/* Begin PBXProject section */
		66A85D9721773CF600B65C59 /* Project object */ = {
			isa = PBXProject;
			attributes = {
				LastUpgradeCheck = 1000;
				ORGANIZATIONNAME = Adam;
				TargetAttributes = {
					66A85D9E21773CF600B65C59 = {
						CreatedOnToolsVersion = 10.0;
					};
				};
			};
			buildConfigurationList = 66A85D9A21773CF600B65C59 /* Build configuration list for PBXProject "Robot" */;
			compatibilityVersion = "Xcode 9.3";
			developmentRegion = en;
			hasScannedForEncodings = 0;
			knownRegions = (
				en,
			);
			mainGroup = 66A85D9621773CF600B65C59;
			productRefGroup = 66A85DA021773CF600B65C59 /* Products */;
			projectDirPath = "";
			projectRoot = "";
			targets = (
				66A85D9E21773CF600B65C59 /* Robot */,
			);
		};
/* End PBXProject section */

/* Begin PBXSourcesBuildPhase section */
		66A85D9B21773CF600B65C59 /* Sources */ = {
			isa = PBXSourcesBuildPhase;
			buildActionMask = 2147483647;
			files = (
				66A85DAD21773D1900B65C59 /* main.cc in Sources */,
				66A85DAE21773D1900B65C59 /* navigation.cc in Sources */,
				66A85DAC21773D1900B65C59 /* package_handling.cc in Sources */,
			);
			runOnlyForDeploymentPostprocessing = 0;
		};
/* End PBXSourcesBuildPhase section */

/* Begin XCBuildConfiguration section */
		66A85DA421773CF600B65C59 /* Debug */ = {
			isa = XCBuildConfiguration;
			buildSettings = {
				ALWAYS_SEARCH_USER_PATHS = NO;
				CLANG_ANALYZER_NONNULL = YES;
				CLANG_ANALYZER_NUMBER_OBJECT_CONVERSION = YES_AGGRESSIVE;
				CLANG_CXX_LANGUAGE_STANDARD = "gnu++14";
				CLANG_CXX_LIBRARY = "libc++";
				CLANG_ENABLE_MODULES = YES;
				CLANG_ENABLE_OBJC_ARC = YES;
				CLANG_ENABLE_OBJC_WEAK = YES;
				CLANG_WARN_BLOCK_CAPTURE_AUTORELEASING = YES;
				CLANG_WARN_BOOL_CONVERSION = YES;
				CLANG_WARN_COMMA = YES;
				CLANG_WARN_CONSTANT_CONVERSION = YES;
				CLANG_WARN_DEPRECATED_OBJC_IMPLEMENTATIONS = YES;
				CLANG_WARN_DIRECT_OBJC_ISA_USAGE = YES_ERROR;
				CLANG_WARN_DOCUMENTATION_COMMENTS = YES;
				CLANG_WARN_EMPTY_BODY = YES;
				CLANG_WARN_ENUM_CONVERSION = YES;
				CLANG_WARN_INFINITE_RECURSION = YES;
				CLANG_WARN_INT_CONVERSION = YES;
				CLANG_WARN_NON_LITERAL_NULL_CONVERSION = YES;
				CLANG_WARN_OBJC_IMPLICIT_RETAIN_SELF = YES;
				CLANG_WARN_OBJC_LITERAL_CONVERSION = YES;
				CLANG_WARN_OBJC_ROOT_CLASS = YES_ERROR;
				CLANG_WARN_RANGE_LOOP_ANALYSIS = YES;
				CLANG_WARN_STRICT_PROTOTYPES = YES;
				CLANG_WARN_SUSPICIOUS_MOVE = YES;
				CLANG_WARN_UNGUARDED_AVAILABILITY = YES_AGGRESSIVE;
				CLANG_WARN_UNREACHABLE_CODE = YES;
				CLANG_WARN__DUPLICATE_METHOD_MATCH = YES;
				CODE_SIGN_IDENTITY = "-";
				COPY_PHASE_STRIP = NO;
				DEBUG_INFORMATION_FORMAT = dwarf;
				ENABLE_STRICT_OBJC_MSGSEND = YES;
				ENABLE_TESTABILITY = YES;
				GCC_C_LANGUAGE_STANDARD = gnu11;
				GCC_DYNAMIC_NO_PIC = NO;
				GCC_NO_COMMON_BLOCKS = YES;
				GCC_OPTIMIZATION_LEVEL = 0;
				GCC_PREPROCESSOR_DEFINITIONS = (
					"DEBUG=1",
					"$(inherited)",
				);
				GCC_WARN_64_TO_32_BIT_CONVERSION = YES;
				GCC_WARN_ABOUT_RETURN_TYPE = YES_ERROR;
				GCC_WARN_UNDECLARED_SELECTOR = YES;
				GCC_WARN_UNINITIALIZED_AUTOS = YES_AGGRESSIVE;
				GCC_WARN_UNUSED_FUNCTION = YES;
				GCC_WARN_UNUSED_VARIABLE = YES;
				MACOSX_DEPLOYMENT_TARGET = 10.14;
				MTL_ENABLE_DEBUG_INFO = INCLUDE_SOURCE;
				MTL_FAST_MATH = YES;
				ONLY_ACTIVE_ARCH = YES;
				SDKROOT = macosx;
			};
			name = Debug;
		};
		66A85DA521773CF600B65C59 /* Release */ = {
			isa = XCBuildConfiguration;
			buildSettings = {
				ALWAYS_SEARCH_USER_PATHS = NO;
				CLANG_ANALYZER_NONNULL = YES;
				CLANG_ANALYZER_NUMBER_OBJECT_CONVERSION = YES_AGGRESSIVE;
				CLANG_CXX_LANGUAGE_STANDARD = "gnu++14";
				CLANG_CXX_LIBRARY = "libc++";
				CLANG_ENABLE_MODULES = YES;
				CLANG_ENABLE_OBJC_ARC = YES;
				CLANG_ENABLE_OBJC_WEAK = YES;
				CLANG_WARN_BLOCK_CAPTURE_AUTORELEASING = YES;
				CLANG_WARN_BOOL_CONVERSION = YES;
				CLANG_WARN_COMMA = YES;
				CLANG_WARN_CONSTANT_CONVERSION = YES;
				CLANG_WARN_DEPRECATED_OBJC_IMPLEMENTATIONS = YES;
				CLANG_WARN_DIRECT_OBJC_ISA_USAGE = YES_ERROR;
				CLANG_WARN_DOCUMENTATION_COMMENTS = YES;
				CLANG_WARN_EMPTY_BODY = YES;
				CLANG_WARN_ENUM_CONVERSION = YES;
				CLANG_WARN_INFINITE_RECURSION = YES;
				CLANG_WARN_INT_CONVERSION = YES;
				CLANG_WARN_NON_LITERAL_NULL_CONVERSION = YES;
				CLANG_WARN_OBJC_IMPLICIT_RETAIN_SELF = YES;
				CLANG_WARN_OBJC_LITERAL_CONVERSION = YES;
				CLANG_WARN_OBJC_ROOT_CLASS = YES_ERROR;
				CLANG_WARN_RANGE_LOOP_ANALYSIS = YES;
				CLANG_WARN_STRICT_PROTOTYPES = YES;
				CLANG_WARN_SUSPICIOUS_MOVE = YES;
				CLANG_WARN_UNGUARDED_AVAILABILITY = YES_AGGRESSIVE;
				CLANG_WARN_UNREACHABLE_CODE = YES;
				CLANG_WARN__DUPLICATE_METHOD_MATCH = YES;
				CODE_SIGN_IDENTITY = "-";
				COPY_PHASE_STRIP = NO;
				DEBUG_INFORMATION_FORMAT = "dwarf-with-dsym";
				ENABLE_NS_ASSERTIONS = NO;
				ENABLE_STRICT_OBJC_MSGSEND = YES;
				GCC_C_LANGUAGE_STANDARD = gnu11;
				GCC_NO_COMMON_BLOCKS = YES;
				GCC_WARN_64_TO_32_BIT_CONVERSION = YES;
				GCC_WARN_ABOUT_RETURN_TYPE = YES_ERROR;
				GCC_WARN_UNDECLARED_SELECTOR = YES;
				GCC_WARN_UNINITIALIZED_AUTOS = YES_AGGRESSIVE;
				GCC_WARN_UNUSED_FUNCTION = YES;
				GCC_WARN_UNUSED_VARIABLE = YES;
				MACOSX_DEPLOYMENT_TARGET = 10.14;
				MTL_ENABLE_DEBUG_INFO = NO;
				MTL_FAST_MATH = YES;
				SDKROOT = macosx;
			};
			name = Release;
		};
		66A85DA721773CF600B65C59 /* Debug */ = {
			isa = XCBuildConfiguration;
			buildSettings = {
				CODE_SIGN_STYLE = Automatic;
				PRODUCT_NAME = "$(TARGET_NAME)";
			};
			name = Debug;
		};
		66A85DA821773CF600B65C59 /* Release */ = {
			isa = XCBuildConfiguration;
			buildSettings = {
				CODE_SIGN_STYLE = Automatic;
				PRODUCT_NAME = "$(TARGET_NAME)";
			};
			name = Release;
		};
/* End XCBuildConfiguration section */

/* Begin XCConfigurationList section */
		66A85D9A21773CF600B65C59 /* Build configuration list for PBXProject "Robot" */ = {
			isa = XCConfigurationList;
			buildConfigurations = (
				66A85DA421773CF600B65C59 /* Debug */,
				66A85DA521773CF600B65C59 /* Release */,
			);
			defaultConfigurationIsVisible = 0;
			defaultConfigurationName = Release;
		};
		66A85DA621773CF600B65C59 /* Build configuration list for PBXNativeTarget "Robot" */ = {
			isa = XCConfigurationList;
			buildConfigurations = (
				66A85DA721773CF600B65C59 /* Debug */,
				66A85DA821773CF600B65C59 /* Release */,
			);
			defaultConfigurationIsVisible = 0;
			defaultConfigurationName = Release;
		};
/* End XCConfigurationList section */
	};
	rootObject = 66A85D9721773CF600B65C59 /* Project object */;
}
